// !$*UTF8*$!
{
	archiveVersion = 1;
	classes = {
	};
	objectVersion = 48;
	objects = {

/* Begin PBXBuildFile section */
		DF175B44212BE20D00E09E97 /* XPTool.swift in Sources */ = {isa = PBXBuildFile; fileRef = DF175B43212BE20D00E09E97 /* XPTool.swift */; };
		DFCB463B212AAAE800DA7F84 /* AppDelegate.swift in Sources */ = {isa = PBXBuildFile; fileRef = DFCB463A212AAAE800DA7F84 /* AppDelegate.swift */; };
		DFCB463D212AAAE800DA7F84 /* ViewController.swift in Sources */ = {isa = PBXBuildFile; fileRef = DFCB463C212AAAE800DA7F84 /* ViewController.swift */; };
		DFCB4640212AAAE800DA7F84 /* Main.storyboard in Resources */ = {isa = PBXBuildFile; fileRef = DFCB463E212AAAE800DA7F84 /* Main.storyboard */; };
		DFCB4642212AAAE800DA7F84 /* Assets.xcassets in Resources */ = {isa = PBXBuildFile; fileRef = DFCB4641212AAAE800DA7F84 /* Assets.xcassets */; };
		DFCB4645212AAAE800DA7F84 /* LaunchScreen.storyboard in Resources */ = {isa = PBXBuildFile; fileRef = DFCB4643212AAAE800DA7F84 /* LaunchScreen.storyboard */; };
		DFCB464F212AAB4300DA7F84 /* XPProperty.swift in Sources */ = {isa = PBXBuildFile; fileRef = DFCB464D212AAB4200DA7F84 /* XPProperty.swift */; };
		DFCB4650212AAB4300DA7F84 /* XPExtension.swift in Sources */ = {isa = PBXBuildFile; fileRef = DFCB464E212AAB4200DA7F84 /* XPExtension.swift */; };
		DFCB4652212AACA500DA7F84 /* XPHttpRequest.swift in Sources */ = {isa = PBXBuildFile; fileRef = DFCB4651212AACA500DA7F84 /* XPHttpRequest.swift */; };
		DFCB4654212AC56F00DA7F84 /* XPHintMessage.swift in Sources */ = {isa = PBXBuildFile; fileRef = DFCB4653212AC56F00DA7F84 /* XPHintMessage.swift */; };
		E6589DFFBEA3BE8EC247239E /* Pods_XPSwiftManager.framework in Frameworks */ = {isa = PBXBuildFile; fileRef = DE44BD249440E24F8C5A26CA /* Pods_XPSwiftManager.framework */; };
/* End PBXBuildFile section */

/* Begin PBXFileReference section */
		BD60013739396A4FD14510B9 /* Pods-XPSwiftManager.release.xcconfig */ = {isa = PBXFileReference; includeInIndex = 1; lastKnownFileType = text.xcconfig; name = "Pods-XPSwiftManager.release.xcconfig"; path = "Pods/Target Support Files/Pods-XPSwiftManager/Pods-XPSwiftManager.release.xcconfig"; sourceTree = "<group>"; };
		DE44BD249440E24F8C5A26CA /* Pods_XPSwiftManager.framework */ = {isa = PBXFileReference; explicitFileType = wrapper.framework; includeInIndex = 0; path = Pods_XPSwiftManager.framework; sourceTree = BUILT_PRODUCTS_DIR; };
		DF175B43212BE20D00E09E97 /* XPTool.swift */ = {isa = PBXFileReference; lastKnownFileType = sourcecode.swift; path = XPTool.swift; sourceTree = "<group>"; };
		DFCB4637212AAAE800DA7F84 /* XPSwiftManager.app */ = {isa = PBXFileReference; explicitFileType = wrapper.application; includeInIndex = 0; path = XPSwiftManager.app; sourceTree = BUILT_PRODUCTS_DIR; };
		DFCB463A212AAAE800DA7F84 /* AppDelegate.swift */ = {isa = PBXFileReference; lastKnownFileType = sourcecode.swift; path = AppDelegate.swift; sourceTree = "<group>"; };
		DFCB463C212AAAE800DA7F84 /* ViewController.swift */ = {isa = PBXFileReference; lastKnownFileType = sourcecode.swift; path = ViewController.swift; sourceTree = "<group>"; };
		DFCB463F212AAAE800DA7F84 /* Base */ = {isa = PBXFileReference; lastKnownFileType = file.storyboard; name = Base; path = Base.lproj/Main.storyboard; sourceTree = "<group>"; };
		DFCB4641212AAAE800DA7F84 /* Assets.xcassets */ = {isa = PBXFileReference; lastKnownFileType = folder.assetcatalog; path = Assets.xcassets; sourceTree = "<group>"; };
		DFCB4644212AAAE800DA7F84 /* Base */ = {isa = PBXFileReference; lastKnownFileType = file.storyboard; name = Base; path = Base.lproj/LaunchScreen.storyboard; sourceTree = "<group>"; };
		DFCB4646212AAAE800DA7F84 /* Info.plist */ = {isa = PBXFileReference; lastKnownFileType = text.plist.xml; path = Info.plist; sourceTree = "<group>"; };
		DFCB464D212AAB4200DA7F84 /* XPProperty.swift */ = {isa = PBXFileReference; fileEncoding = 4; lastKnownFileType = sourcecode.swift; path = XPProperty.swift; sourceTree = "<group>"; };
		DFCB464E212AAB4200DA7F84 /* XPExtension.swift */ = {isa = PBXFileReference; fileEncoding = 4; lastKnownFileType = sourcecode.swift; path = XPExtension.swift; sourceTree = "<group>"; };
		DFCB4651212AACA500DA7F84 /* XPHttpRequest.swift */ = {isa = PBXFileReference; lastKnownFileType = sourcecode.swift; path = XPHttpRequest.swift; sourceTree = "<group>"; };
		DFCB4653212AC56F00DA7F84 /* XPHintMessage.swift */ = {isa = PBXFileReference; lastKnownFileType = sourcecode.swift; path = XPHintMessage.swift; sourceTree = "<group>"; };
		E43BF0888156C7BB5F7737DC /* Pods-XPSwiftManager.debug.xcconfig */ = {isa = PBXFileReference; includeInIndex = 1; lastKnownFileType = text.xcconfig; name = "Pods-XPSwiftManager.debug.xcconfig"; path = "Pods/Target Support Files/Pods-XPSwiftManager/Pods-XPSwiftManager.debug.xcconfig"; sourceTree = "<group>"; };
/* End PBXFileReference section */

/* Begin PBXFrameworksBuildPhase section */
		DFCB4634212AAAE800DA7F84 /* Frameworks */ = {
			isa = PBXFrameworksBuildPhase;
			buildActionMask = 2147483647;
			files = (
				E6589DFFBEA3BE8EC247239E /* Pods_XPSwiftManager.framework in Frameworks */,
			);
			runOnlyForDeploymentPostprocessing = 0;
		};
/* End PBXFrameworksBuildPhase section */

/* Begin PBXGroup section */
		080128F4F4A86DE214252614 /* Frameworks */ = {
			isa = PBXGroup;
			children = (
				DE44BD249440E24F8C5A26CA /* Pods_XPSwiftManager.framework */,
			);
			name = Frameworks;
			sourceTree = "<group>";
		};
		7446013C0B3B5C6995B3458D /* Pods */ = {
			isa = PBXGroup;
			children = (
				E43BF0888156C7BB5F7737DC /* Pods-XPSwiftManager.debug.xcconfig */,
				BD60013739396A4FD14510B9 /* Pods-XPSwiftManager.release.xcconfig */,
			);
			name = Pods;
			sourceTree = "<group>";
		};
		DFCB462E212AAAE800DA7F84 = {
			isa = PBXGroup;
			children = (
				DFCB4639212AAAE800DA7F84 /* XPSwiftManager */,
				DFCB4638212AAAE800DA7F84 /* Products */,
				7446013C0B3B5C6995B3458D /* Pods */,
				080128F4F4A86DE214252614 /* Frameworks */,
			);
			sourceTree = "<group>";
		};
		DFCB4638212AAAE800DA7F84 /* Products */ = {
			isa = PBXGroup;
			children = (
				DFCB4637212AAAE800DA7F84 /* XPSwiftManager.app */,
			);
			name = Products;
			sourceTree = "<group>";
		};
		DFCB4639212AAAE800DA7F84 /* XPSwiftManager */ = {
			isa = PBXGroup;
			children = (
				DFCB464C212AAB4200DA7F84 /* XPManagerBox */,
				DFCB463A212AAAE800DA7F84 /* AppDelegate.swift */,
				DFCB463C212AAAE800DA7F84 /* ViewController.swift */,
				DFCB463E212AAAE800DA7F84 /* Main.storyboard */,
				DFCB4641212AAAE800DA7F84 /* Assets.xcassets */,
				DFCB4643212AAAE800DA7F84 /* LaunchScreen.storyboard */,
				DFCB4646212AAAE800DA7F84 /* Info.plist */,
			);
			path = XPSwiftManager;
			sourceTree = "<group>";
		};
		DFCB464C212AAB4200DA7F84 /* XPManagerBox */ = {
			isa = PBXGroup;
			children = (
				DFCB464D212AAB4200DA7F84 /* XPProperty.swift */,
				DFCB464E212AAB4200DA7F84 /* XPExtension.swift */,
				DFCB4651212AACA500DA7F84 /* XPHttpRequest.swift */,
				DFCB4653212AC56F00DA7F84 /* XPHintMessage.swift */,
				DF175B43212BE20D00E09E97 /* XPTool.swift */,
			);
			path = XPManagerBox;
			sourceTree = "<group>";
		};
/* End PBXGroup section */

/* Begin PBXNativeTarget section */
		DFCB4636212AAAE800DA7F84 /* XPSwiftManager */ = {
			isa = PBXNativeTarget;
			buildConfigurationList = DFCB4649212AAAE800DA7F84 /* Build configuration list for PBXNativeTarget "XPSwiftManager" */;
			buildPhases = (
				118C26EEECA7355E79EE5492 /* [CP] Check Pods Manifest.lock */,
				DFCB4633212AAAE800DA7F84 /* Sources */,
				DFCB4634212AAAE800DA7F84 /* Frameworks */,
				DFCB4635212AAAE800DA7F84 /* Resources */,
				02556FF7B76B9807317B744B /* [CP] Embed Pods Frameworks */,
				AD181D3562FD798044877E8A /* [CP] Copy Pods Resources */,
			);
			buildRules = (
			);
			dependencies = (
			);
			name = XPSwiftManager;
			productName = XPSwiftManager;
			productReference = DFCB4637212AAAE800DA7F84 /* XPSwiftManager.app */;
			productType = "com.apple.product-type.application";
		};
/* End PBXNativeTarget section */

/* Begin PBXProject section */
		DFCB462F212AAAE800DA7F84 /* Project object */ = {
			isa = PBXProject;
			attributes = {
				LastSwiftUpdateCheck = 0920;
				LastUpgradeCheck = 0920;
				ORGANIZATIONNAME = "耿晓鹏";
				TargetAttributes = {
					DFCB4636212AAAE800DA7F84 = {
						CreatedOnToolsVersion = 9.2;
						ProvisioningStyle = Automatic;
					};
				};
			};
			buildConfigurationList = DFCB4632212AAAE800DA7F84 /* Build configuration list for PBXProject "XPSwiftManager" */;
			compatibilityVersion = "Xcode 8.0";
			developmentRegion = en;
			hasScannedForEncodings = 0;
			knownRegions = (
				en,
				Base,
			);
			mainGroup = DFCB462E212AAAE800DA7F84;
			productRefGroup = DFCB4638212AAAE800DA7F84 /* Products */;
			projectDirPath = "";
			projectRoot = "";
			targets = (
				DFCB4636212AAAE800DA7F84 /* XPSwiftManager */,
			);
		};
/* End PBXProject section */

/* Begin PBXResourcesBuildPhase section */
		DFCB4635212AAAE800DA7F84 /* Resources */ = {
			isa = PBXResourcesBuildPhase;
			buildActionMask = 2147483647;
			files = (
				DFCB4645212AAAE800DA7F84 /* LaunchScreen.storyboard in Resources */,
				DFCB4642212AAAE800DA7F84 /* Assets.xcassets in Resources */,
				DFCB4640212AAAE800DA7F84 /* Main.storyboard in Resources */,
			);
			runOnlyForDeploymentPostprocessing = 0;
		};
/* End PBXResourcesBuildPhase section */

/* Begin PBXShellScriptBuildPhase section */
		02556FF7B76B9807317B744B /* [CP] Embed Pods Frameworks */ = {
			isa = PBXShellScriptBuildPhase;
			buildActionMask = 2147483647;
			files = (
			);
			inputPaths = (
			);
			name = "[CP] Embed Pods Frameworks";
			outputPaths = (
			);
			runOnlyForDeploymentPostprocessing = 0;
			shellPath = /bin/sh;
			shellScript = "\"${SRCROOT}/Pods/Target Support Files/Pods-XPSwiftManager/Pods-XPSwiftManager-frameworks.sh\"\n";
			showEnvVarsInLog = 0;
		};
		118C26EEECA7355E79EE5492 /* [CP] Check Pods Manifest.lock */ = {
			isa = PBXShellScriptBuildPhase;
			buildActionMask = 2147483647;
			files = (
			);
			inputPaths = (
			);
			name = "[CP] Check Pods Manifest.lock";
			outputPaths = (
			);
			runOnlyForDeploymentPostprocessing = 0;
			shellPath = /bin/sh;
			shellScript = "diff \"${PODS_ROOT}/../Podfile.lock\" \"${PODS_ROOT}/Manifest.lock\" > /dev/null\nif [ $? != 0 ] ; then\n    # print error to STDERR\n    echo \"error: The sandbox is not in sync with the Podfile.lock. Run 'pod install' or update your CocoaPods installation.\" >&2\n    exit 1\nfi\n";
			showEnvVarsInLog = 0;
		};
		AD181D3562FD798044877E8A /* [CP] Copy Pods Resources */ = {
			isa = PBXShellScriptBuildPhase;
			buildActionMask = 2147483647;
			files = (
			);
			inputPaths = (
			);
			name = "[CP] Copy Pods Resources";
			outputPaths = (
			);
			runOnlyForDeploymentPostprocessing = 0;
			shellPath = /bin/sh;
			shellScript = "\"${SRCROOT}/Pods/Target Support Files/Pods-XPSwiftManager/Pods-XPSwiftManager-resources.sh\"\n";
			showEnvVarsInLog = 0;
		};
/* End PBXShellScriptBuildPhase section */

/* Begin PBXSourcesBuildPhase section */
		DFCB4633212AAAE800DA7F84 /* Sources */ = {
			isa = PBXSourcesBuildPhase;
			buildActionMask = 2147483647;
			files = (
				DFCB4654212AC56F00DA7F84 /* XPHintMessage.swift in Sources */,
				DFCB463D212AAAE800DA7F84 /* ViewController.swift in Sources */,
				DFCB4650212AAB4300DA7F84 /* XPExtension.swift in Sources */,
				DFCB4652212AACA500DA7F84 /* XPHttpRequest.swift in Sources */,
				DFCB464F212AAB4300DA7F84 /* XPProperty.swift in Sources */,
				DF175B44212BE20D00E09E97 /* XPTool.swift in Sources */,
				DFCB463B212AAAE800DA7F84 /* AppDelegate.swift in Sources */,
			);
			runOnlyForDeploymentPostprocessing = 0;
		};
/* End PBXSourcesBuildPhase section */

/* Begin PBXVariantGroup section */
		DFCB463E212AAAE800DA7F84 /* Main.storyboard */ = {
			isa = PBXVariantGroup;
			children = (
				DFCB463F212AAAE800DA7F84 /* Base */,
			);
			name = Main.storyboard;
			sourceTree = "<group>";
		};
		DFCB4643212AAAE800DA7F84 /* LaunchScreen.storyboard */ = {
			isa = PBXVariantGroup;
			children = (
				DFCB4644212AAAE800DA7F84 /* Base */,
			);
			name = LaunchScreen.storyboard;
			sourceTree = "<group>";
		};
/* End PBXVariantGroup section */

/* Begin XCBuildConfiguration section */
		DFCB4647212AAAE800DA7F84 /* Debug */ = {
			isa = XCBuildConfiguration;
			buildSettings = {
				ALWAYS_SEARCH_USER_PATHS = NO;
				CLANG_ANALYZER_NONNULL = YES;
				CLANG_ANALYZER_NUMBER_OBJECT_CONVERSION = YES_AGGRESSIVE;
				CLANG_CXX_LANGUAGE_STANDARD = "gnu++14";
				CLANG_CXX_LIBRARY = "libc++";
				CLANG_ENABLE_MODULES = YES;
				CLANG_ENABLE_OBJC_ARC = YES;
				CLANG_WARN_BLOCK_CAPTURE_AUTORELEASING = YES;
				CLANG_WARN_BOOL_CONVERSION = YES;
				CLANG_WARN_COMMA = YES;
				CLANG_WARN_CONSTANT_CONVERSION = YES;
				CLANG_WARN_DIRECT_OBJC_ISA_USAGE = YES_ERROR;
				CLANG_WARN_DOCUMENTATION_COMMENTS = YES;
				CLANG_WARN_EMPTY_BODY = YES;
				CLANG_WARN_ENUM_CONVERSION = YES;
				CLANG_WARN_INFINITE_RECURSION = YES;
				CLANG_WARN_INT_CONVERSION = YES;
				CLANG_WARN_NON_LITERAL_NULL_CONVERSION = YES;
				CLANG_WARN_OBJC_LITERAL_CONVERSION = YES;
				CLANG_WARN_OBJC_ROOT_CLASS = YES_ERROR;
				CLANG_WARN_RANGE_LOOP_ANALYSIS = YES;
				CLANG_WARN_STRICT_PROTOTYPES = YES;
				CLANG_WARN_SUSPICIOUS_MOVE = YES;
				CLANG_WARN_UNGUARDED_AVAILABILITY = YES_AGGRESSIVE;
				CLANG_WARN_UNREACHABLE_CODE = YES;
				CLANG_WARN__DUPLICATE_METHOD_MATCH = YES;
				CODE_SIGN_IDENTITY = "iPhone Developer";
				COPY_PHASE_STRIP = NO;
				DEBUG_INFORMATION_FORMAT = dwarf;
				ENABLE_STRICT_OBJC_MSGSEND = YES;
				ENABLE_TESTABILITY = YES;
				GCC_C_LANGUAGE_STANDARD = gnu11;
				GCC_DYNAMIC_NO_PIC = NO;
				GCC_NO_COMMON_BLOCKS = YES;
				GCC_OPTIMIZATION_LEVEL = 0;
				GCC_PREPROCESSOR_DEFINITIONS = (
					"DEBUG=1",
					"$(inherited)",
				);
				GCC_WARN_64_TO_32_BIT_CONVERSION = YES;
				GCC_WARN_ABOUT_RETURN_TYPE = YES_ERROR;
				GCC_WARN_UNDECLARED_SELECTOR = YES;
				GCC_WARN_UNINITIALIZED_AUTOS = YES_AGGRESSIVE;
				GCC_WARN_UNUSED_FUNCTION = YES;
				GCC_WARN_UNUSED_VARIABLE = YES;
				IPHONEOS_DEPLOYMENT_TARGET = 11.2;
				MTL_ENABLE_DEBUG_INFO = YES;
				ONLY_ACTIVE_ARCH = YES;
				SDKROOT = iphoneos;
				SWIFT_ACTIVE_COMPILATION_CONDITIONS = DEBUG;
				SWIFT_OPTIMIZATION_LEVEL = "-Onone";
			};
			name = Debug;
		};
		DFCB4648212AAAE800DA7F84 /* Release */ = {
			isa = XCBuildConfiguration;
			buildSettings = {
				ALWAYS_SEARCH_USER_PATHS = NO;
				CLANG_ANALYZER_NONNULL = YES;
				CLANG_ANALYZER_NUMBER_OBJECT_CONVERSION = YES_AGGRESSIVE;
				CLANG_CXX_LANGUAGE_STANDARD = "gnu++14";
				CLANG_CXX_LIBRARY = "libc++";
				CLANG_ENABLE_MODULES = YES;
				CLANG_ENABLE_OBJC_ARC = YES;
				CLANG_WARN_BLOCK_CAPTURE_AUTORELEASING = YES;
				CLANG_WARN_BOOL_CONVERSION = YES;
				CLANG_WARN_COMMA = YES;
				CLANG_WARN_CONSTANT_CONVERSION = YES;
				CLANG_WARN_DIRECT_OBJC_ISA_USAGE = YES_ERROR;
				CLANG_WARN_DOCUMENTATION_COMMENTS = YES;
				CLANG_WARN_EMPTY_BODY = YES;
				CLANG_WARN_ENUM_CONVERSION = YES;
				CLANG_WARN_INFINITE_RECURSION = YES;
				CLANG_WARN_INT_CONVERSION = YES;
				CLANG_WARN_NON_LITERAL_NULL_CONVERSION = YES;
				CLANG_WARN_OBJC_LITERAL_CONVERSION = YES;
				CLANG_WARN_OBJC_ROOT_CLASS = YES_ERROR;
				CLANG_WARN_RANGE_LOOP_ANALYSIS = YES;
				CLANG_WARN_STRICT_PROTOTYPES = YES;
				CLANG_WARN_SUSPICIOUS_MOVE = YES;
				CLANG_WARN_UNGUARDED_AVAILABILITY = YES_AGGRESSIVE;
				CLANG_WARN_UNREACHABLE_CODE = YES;
				CLANG_WARN__DUPLICATE_METHOD_MATCH = YES;
				CODE_SIGN_IDENTITY = "iPhone Developer";
				COPY_PHASE_STRIP = NO;
				DEBUG_INFORMATION_FORMAT = "dwarf-with-dsym";
				ENABLE_NS_ASSERTIONS = NO;
				ENABLE_STRICT_OBJC_MSGSEND = YES;
				GCC_C_LANGUAGE_STANDARD = gnu11;
				GCC_NO_COMMON_BLOCKS = YES;
				GCC_WARN_64_TO_32_BIT_CONVERSION = YES;
				GCC_WARN_ABOUT_RETURN_TYPE = YES_ERROR;
				GCC_WARN_UNDECLARED_SELECTOR = YES;
				GCC_WARN_UNINITIALIZED_AUTOS = YES_AGGRESSIVE;
				GCC_WARN_UNUSED_FUNCTION = YES;
				GCC_WARN_UNUSED_VARIABLE = YES;
				IPHONEOS_DEPLOYMENT_TARGET = 11.2;
				MTL_ENABLE_DEBUG_INFO = NO;
				SDKROOT = iphoneos;
				SWIFT_OPTIMIZATION_LEVEL = "-Owholemodule";
				VALIDATE_PRODUCT = YES;
			};
			name = Release;
		};
		DFCB464A212AAAE800DA7F84 /* Debug */ = {
			isa = XCBuildConfiguration;
			baseConfigurationReference = E43BF0888156C7BB5F7737DC /* Pods-XPSwiftManager.debug.xcconfig */;
			buildSettings = {
				ASSETCATALOG_COMPILER_APPICON_NAME = AppIcon;
				CODE_SIGN_STYLE = Automatic;
				DEVELOPMENT_TEAM = CGAM2DA629;
				INFOPLIST_FILE = XPSwiftManager/Info.plist;
				LD_RUNPATH_SEARCH_PATHS = "$(inherited) @executable_path/Frameworks";
				PRODUCT_BUNDLE_IDENTIFIER = com.rabbit.XPSwiftManager;
				PRODUCT_NAME = "$(TARGET_NAME)";
				SWIFT_VERSION = 4.0;
				TARGETED_DEVICE_FAMILY = "1,2";
			};
			name = Debug;
		};
		DFCB464B212AAAE800DA7F84 /* Release */ = {
			isa = XCBuildConfiguration;
			baseConfigurationReference = BD60013739396A4FD14510B9 /* Pods-XPSwiftManager.release.xcconfig */;
			buildSettings = {
				ASSETCATALOG_COMPILER_APPICON_NAME = AppIcon;
				CODE_SIGN_STYLE = Automatic;
				DEVELOPMENT_TEAM = CGAM2DA629;
				INFOPLIST_FILE = XPSwiftManager/Info.plist;
				LD_RUNPATH_SEARCH_PATHS = "$(inherited) @executable_path/Frameworks";
				PRODUCT_BUNDLE_IDENTIFIER = com.rabbit.XPSwiftManager;
				PRODUCT_NAME = "$(TARGET_NAME)";
				SWIFT_VERSION = 4.0;
				TARGETED_DEVICE_FAMILY = "1,2";
			};
			name = Release;
		};
/* End XCBuildConfiguration section */

/* Begin XCConfigurationList section */
		DFCB4632212AAAE800DA7F84 /* Build configuration list for PBXProject "XPSwiftManager" */ = {
			isa = XCConfigurationList;
			buildConfigurations = (
				DFCB4647212AAAE800DA7F84 /* Debug */,
				DFCB4648212AAAE800DA7F84 /* Release */,
			);
			defaultConfigurationIsVisible = 0;
			defaultConfigurationName = Release;
		};
		DFCB4649212AAAE800DA7F84 /* Build configuration list for PBXNativeTarget "XPSwiftManager" */ = {
			isa = XCConfigurationList;
			buildConfigurations = (
				DFCB464A212AAAE800DA7F84 /* Debug */,
				DFCB464B212AAAE800DA7F84 /* Release */,
			);
			defaultConfigurationIsVisible = 0;
			defaultConfigurationName = Release;
		};
/* End XCConfigurationList section */
	};
	rootObject = DFCB462F212AAAE800DA7F84 /* Project object */;
}
